
Microsoft Visual Studio Solution File, Format Version 12.00
# Visual Studio Version 17
VisualStudioVersion = 17.2.32427.441
MinimumVisualStudioVersion = 10.0.40219.1
Project("{2150E333-8FDC-42A3-9474-1A3956D46DE8}") = "Common", "Common", "{DDD378E2-A8AD-4BA3-BE26-0F4DEC63F37D}"
EndProject
Project("{2150E333-8FDC-42A3-9474-1A3956D46DE8}") = "Wpf", "Wpf", "{52F30133-875F-476F-8FD9-8591EFA497D3}"
EndProject
Project("{2150E333-8FDC-42A3-9474-1A3956D46DE8}") = "Xamarin", "Xamarin", "{32C97FFA-C585-412F-99CD-063FCE8D282D}"
EndProject
Project("{2150E333-8FDC-42A3-9474-1A3956D46DE8}") = "Business", "Business", "{13640C8F-0284-48D6-94ED-484EDED9F670}"
EndProject
Project("{9A19103F-16F7-4668-BE54-9A1E7A4F7556}") = "Framework", "src\Framework\Framework.csproj", "{AA9753C8-7442-4A33-B4DE-E4B99A11E72F}"
EndProject
Project("{9A19103F-16F7-4668-BE54-9A1E7A4F7556}") = "Toolkit.WindowsDesktop", "src\Toolkit.WindowsDesktop\Toolkit.WindowsDesktop.csproj", "{43165A9B-C72D-4C5A-A1B8-4AD0679ACFE8}"
EndProject
Project("{9A19103F-16F7-4668-BE54-9A1E7A4F7556}") = "Meeting.Business.Common", "src\Meeting.Business\Meeting.Business.Common\Meeting.Business.Common.csproj", "{9A3E92E6-C8A7-4730-8C1B-36EBFFC9DD27}"
EndProject
Project("{9A19103F-16F7-4668-BE54-9A1E7A4F7556}") = "MeetingGrpc.Protos", "src\Meeting.Business\meeting-backend\src\MeetingServer.Grpc\MeetingGrpc.Protos\MeetingGrpc.Protos.csproj", "{B0381920-B50A-4F8D-8C40-9834ACDB0C4F}"
EndProject
Project("{2150E333-8FDC-42A3-9474-1A3956D46DE8}") = "GrpcClient", "GrpcClient", "{30DB221C-8EBF-467D-B48D-66D5776471C0}"
EndProject
Project("{9A19103F-16F7-4668-BE54-9A1E7A4F7556}") = "Meeting.Business.GrpcClient", "src\Meeting.Business\Meeting.Business.GrpcClient\Meeting.Business.GrpcClient.csproj", "{6CC8F9D3-E5FA-4824-B7BF-ED0D0ED33608}"
EndProject
Project("{9A19103F-16F7-4668-BE54-9A1E7A4F7556}") = "Meeting.Wpf", "src\Meeting.Wpf\Meeting.Wpf.csproj", "{EF496BD0-2161-4A6A-A70F-B7F91368953D}"
EndProject
Project("{9A19103F-16F7-4668-BE54-9A1E7A4F7556}") = "MeetingGrpc.Server", "src\Meeting.Business\meeting-backend\src\MeetingServer.Grpc\MeetingGrpc.Server\MeetingGrpc.Server.csproj", "{E364F794-A5D7-497A-9918-0C3EF68C67BA}"
EndProject
Project("{FAE04EC0-301F-11D3-BF4B-00C04F79EFBC}") = "Meeting.Xamarin.Android", "src\Meeting.Xamarin\Meeting.Xamarin.Android\Meeting.Xamarin.Android.csproj", "{02A7988D-BD61-4318-AED9-3ACC0803CF06}"
EndProject
Project("{9A19103F-16F7-4668-BE54-9A1E7A4F7556}") = "Meeting.Xamarin", "src\Meeting.Xamarin\Meeting.Xamarin\Meeting.Xamarin.csproj", "{E7067FCA-537B-440A-93CE-A0889C349D22}"
EndProject
Project("{9A19103F-16F7-4668-BE54-9A1E7A4F7556}") = "Toolkit.Xamarin", "src\Toolkit.Xamarin\Toolkit.Xamarin.csproj", "{6FD4F4E4-98B4-4636-ACD3-83FC6ED984A8}"
EndProject
Project("{9A19103F-16F7-4668-BE54-9A1E7A4F7556}") = "Meeting.Wpf.Controls", "src\Meeting.Wpf.Controls\Meeting.Wpf.Controls.csproj", "{0958CCA7-C58F-4421-AD20-CF97409C5BAC}"
EndProject
Global
	GlobalSection(SolutionConfigurationPlatforms) = preSolution
		Debug|Any CPU = Debug|Any CPU
		Release|Any CPU = Release|Any CPU
	EndGlobalSection
	GlobalSection(ProjectConfigurationPlatforms) = postSolution
		{AA9753C8-7442-4A33-B4DE-E4B99A11E72F}.Debug|Any CPU.ActiveCfg = Debug|Any CPU
		{AA9753C8-7442-4A33-B4DE-E4B99A11E72F}.Debug|Any CPU.Build.0 = Debug|Any CPU
		{AA9753C8-7442-4A33-B4DE-E4B99A11E72F}.Release|Any CPU.ActiveCfg = Release|Any CPU
		{AA9753C8-7442-4A33-B4DE-E4B99A11E72F}.Release|Any CPU.Build.0 = Release|Any CPU
		{43165A9B-C72D-4C5A-A1B8-4AD0679ACFE8}.Debug|Any CPU.ActiveCfg = Debug|Any CPU
		{43165A9B-C72D-4C5A-A1B8-4AD0679ACFE8}.Debug|Any CPU.Build.0 = Debug|Any CPU
		{43165A9B-C72D-4C5A-A1B8-4AD0679ACFE8}.Release|Any CPU.ActiveCfg = Release|Any CPU
		{43165A9B-C72D-4C5A-A1B8-4AD0679ACFE8}.Release|Any CPU.Build.0 = Release|Any CPU
		{9A3E92E6-C8A7-4730-8C1B-36EBFFC9DD27}.Debug|Any CPU.ActiveCfg = Debug|Any CPU
		{9A3E92E6-C8A7-4730-8C1B-36EBFFC9DD27}.Debug|Any CPU.Build.0 = Debug|Any CPU
		{9A3E92E6-C8A7-4730-8C1B-36EBFFC9DD27}.Release|Any CPU.ActiveCfg = Release|Any CPU
		{9A3E92E6-C8A7-4730-8C1B-36EBFFC9DD27}.Release|Any CPU.Build.0 = Release|Any CPU
		{B0381920-B50A-4F8D-8C40-9834ACDB0C4F}.Debug|Any CPU.ActiveCfg = Debug|Any CPU
		{B0381920-B50A-4F8D-8C40-9834ACDB0C4F}.Debug|Any CPU.Build.0 = Debug|Any CPU
		{B0381920-B50A-4F8D-8C40-9834ACDB0C4F}.Release|Any CPU.ActiveCfg = Release|Any CPU
		{B0381920-B50A-4F8D-8C40-9834ACDB0C4F}.Release|Any CPU.Build.0 = Release|Any CPU
		{6CC8F9D3-E5FA-4824-B7BF-ED0D0ED33608}.Debug|Any CPU.ActiveCfg = Debug|Any CPU
		{6CC8F9D3-E5FA-4824-B7BF-ED0D0ED33608}.Debug|Any CPU.Build.0 = Debug|Any CPU
		{6CC8F9D3-E5FA-4824-B7BF-ED0D0ED33608}.Release|Any CPU.ActiveCfg = Release|Any CPU
		{6CC8F9D3-E5FA-4824-B7BF-ED0D0ED33608}.Release|Any CPU.Build.0 = Release|Any CPU
		{EF496BD0-2161-4A6A-A70F-B7F91368953D}.Debug|Any CPU.ActiveCfg = Debug|Any CPU
		{EF496BD0-2161-4A6A-A70F-B7F91368953D}.Debug|Any CPU.Build.0 = Debug|Any CPU
		{EF496BD0-2161-4A6A-A70F-B7F91368953D}.Release|Any CPU.ActiveCfg = Release|Any CPU
		{EF496BD0-2161-4A6A-A70F-B7F91368953D}.Release|Any CPU.Build.0 = Release|Any CPU
		{E364F794-A5D7-497A-9918-0C3EF68C67BA}.Debug|Any CPU.ActiveCfg = Debug|Any CPU
		{E364F794-A5D7-497A-9918-0C3EF68C67BA}.Debug|Any CPU.Build.0 = Debug|Any CPU
		{E364F794-A5D7-497A-9918-0C3EF68C67BA}.Release|Any CPU.ActiveCfg = Release|Any CPU
		{E364F794-A5D7-497A-9918-0C3EF68C67BA}.Release|Any CPU.Build.0 = Release|Any CPU
		{02A7988D-BD61-4318-AED9-3ACC0803CF06}.Debug|Any CPU.ActiveCfg = Debug|Any CPU
		{02A7988D-BD61-4318-AED9-3ACC0803CF06}.Debug|Any CPU.Build.0 = Debug|Any CPU
		{02A7988D-BD61-4318-AED9-3ACC0803CF06}.Debug|Any CPU.Deploy.0 = Debug|Any CPU
		{02A7988D-BD61-4318-AED9-3ACC0803CF06}.Release|Any CPU.ActiveCfg = Release|Any CPU
		{02A7988D-BD61-4318-AED9-3ACC0803CF06}.Release|Any CPU.Build.0 = Release|Any CPU
		{02A7988D-BD61-4318-AED9-3ACC0803CF06}.Release|Any CPU.Deploy.0 = Release|Any CPU
		{E7067FCA-537B-440A-93CE-A0889C349D22}.Debug|Any CPU.ActiveCfg = Debug|Any CPU
		{E7067FCA-537B-440A-93CE-A0889C349D22}.Debug|Any CPU.Build.0 = Debug|Any CPU
		{E7067FCA-537B-440A-93CE-A0889C349D22}.Release|Any CPU.ActiveCfg = Release|Any CPU
		{E7067FCA-537B-440A-93CE-A0889C349D22}.Release|Any CPU.Build.0 = Release|Any CPU
		{6FD4F4E4-98B4-4636-ACD3-83FC6ED984A8}.Debug|Any CPU.ActiveCfg = Debug|Any CPU
		{6FD4F4E4-98B4-4636-ACD3-83FC6ED984A8}.Debug|Any CPU.Build.0 = Debug|Any CPU
		{6FD4F4E4-98B4-4636-ACD3-83FC6ED984A8}.Release|Any CPU.ActiveCfg = Release|Any CPU
		{6FD4F4E4-98B4-4636-ACD3-83FC6ED984A8}.Release|Any CPU.Build.0 = Release|Any CPU
		{0958CCA7-C58F-4421-AD20-CF97409C5BAC}.Debug|Any CPU.ActiveCfg = Debug|Any CPU
		{0958CCA7-C58F-4421-AD20-CF97409C5BAC}.Debug|Any CPU.Build.0 = Debug|Any CPU
		{0958CCA7-C58F-4421-AD20-CF97409C5BAC}.Release|Any CPU.ActiveCfg = Release|Any CPU
		{0958CCA7-C58F-4421-AD20-CF97409C5BAC}.Release|Any CPU.Build.0 = Release|Any CPU
	EndGlobalSection
	GlobalSection(SolutionProperties) = preSolution
		HideSolutionNode = FALSE
	EndGlobalSection
	GlobalSection(NestedProjects) = preSolution
		{AA9753C8-7442-4A33-B4DE-E4B99A11E72F} = {DDD378E2-A8AD-4BA3-BE26-0F4DEC63F37D}
		{43165A9B-C72D-4C5A-A1B8-4AD0679ACFE8} = {DDD378E2-A8AD-4BA3-BE26-0F4DEC63F37D}
		{9A3E92E6-C8A7-4730-8C1B-36EBFFC9DD27} = {13640C8F-0284-48D6-94ED-484EDED9F670}
		{B0381920-B50A-4F8D-8C40-9834ACDB0C4F} = {30DB221C-8EBF-467D-B48D-66D5776471C0}
		{30DB221C-8EBF-467D-B48D-66D5776471C0} = {13640C8F-0284-48D6-94ED-484EDED9F670}
		{6CC8F9D3-E5FA-4824-B7BF-ED0D0ED33608} = {30DB221C-8EBF-467D-B48D-66D5776471C0}
		{EF496BD0-2161-4A6A-A70F-B7F91368953D} = {52F30133-875F-476F-8FD9-8591EFA497D3}
		{E364F794-A5D7-497A-9918-0C3EF68C67BA} = {13640C8F-0284-48D6-94ED-484EDED9F670}
		{02A7988D-BD61-4318-AED9-3ACC0803CF06} = {32C97FFA-C585-412F-99CD-063FCE8D282D}
		{E7067FCA-537B-440A-93CE-A0889C349D22} = {32C97FFA-C585-412F-99CD-063FCE8D282D}
		{6FD4F4E4-98B4-4636-ACD3-83FC6ED984A8} = {DDD378E2-A8AD-4BA3-BE26-0F4DEC63F37D}
		{0958CCA7-C58F-4421-AD20-CF97409C5BAC} = {52F30133-875F-476F-8FD9-8591EFA497D3}
	EndGlobalSection
	GlobalSection(ExtensibilityGlobals) = postSolution
		SolutionGuid = {9C8047A6-01EE-4859-B4C5-3BBFBA57F8F0}
	EndGlobalSection
EndGlobal
