
Microsoft Visual Studio Solution File, Format Version 12.00
# Visual Studio Version 17
VisualStudioVersion = 17.2.32427.441
MinimumVisualStudioVersion = 10.0.40219.1
Project("{2150E333-8FDC-42A3-9474-1A3956D46DE8}") = "Common", "Common", "{DDD378E2-A8AD-4BA3-BE26-0F4DEC63F37D}"
EndProject
Project("{2150E333-8FDC-42A3-9474-1A3956D46DE8}") = "Wpf", "Wpf", "{52F30133-875F-476F-8FD9-8591EFA497D3}"
EndProject
Project("{2150E333-8FDC-42A3-9474-1A3956D46DE8}") = "Core", "Core", "{13640C8F-0284-48D6-94ED-484EDED9F670}"
EndProject
Project("{9A19103F-16F7-4668-BE54-9A1E7A4F7556}") = "Toolkit.WindowsDesktop", "src\Toolkit.WindowsDesktop\Toolkit.WindowsDesktop.csproj", "{43165A9B-C72D-4C5A-A1B8-4AD0679ACFE8}"
EndProject
Project("{9A19103F-16F7-4668-BE54-9A1E7A4F7556}") = "Meeting.Wpf", "src\Meeting.Wpf\Meeting.Wpf.csproj", "{EF496BD0-2161-4A6A-A70F-B7F91368953D}"
EndProject
Project("{9A19103F-16F7-4668-BE54-9A1E7A4F7556}") = "Toolkit.Xamarin", "src\Toolkit.Xamarin\Toolkit.Xamarin.csproj", "{6FD4F4E4-98B4-4636-ACD3-83FC6ED984A8}"
EndProject
Project("{9A19103F-16F7-4668-BE54-9A1E7A4F7556}") = "Meeting.Wpf.ViewModels", "src\Meeting.Wpf.ViewModels\Meeting.Wpf.ViewModels.csproj", "{C179F3C5-A0C9-42E6-AF89-8DE5DC09362F}"
EndProject
Project("{9A19103F-16F7-4668-BE54-9A1E7A4F7556}") = "Meeting.Wpf.CustomControls", "src\Meeting.Wpf.CustomControls\Meeting.Wpf.CustomControls.csproj", "{FD9FF7C4-4C26-48C3-92DB-1300FA235E54}"
EndProject
Project("{9A19103F-16F7-4668-BE54-9A1E7A4F7556}") = "Meeting.Core.Common", "src\Meeting.Core.Common\Meeting.Core.Common.csproj", "{59DE7AAD-7D70-4404-8582-96391D37B6C3}"
EndProject
Project("{9A19103F-16F7-4668-BE54-9A1E7A4F7556}") = "Meeting.Core.GrpcClient", "src\Meeting.Core.GrpcClient\Meeting.Core.GrpcClient.csproj", "{D011BCEE-7317-42F8-9963-C7A9E9614925}"
EndProject
Project("{9A19103F-16F7-4668-BE54-9A1E7A4F7556}") = "MeetingProtobuf.Protos", "sub\meeting-protobuf\MeetingProtobuf.Protos\MeetingProtobuf.Protos.csproj", "{DE4A3454-F4E4-4AF8-B535-5C70849A2552}"
EndProject
Project("{2150E333-8FDC-42A3-9474-1A3956D46DE8}") = "Tests", "Tests", "{469224EE-D409-4640-B77F-720ECC6CD1DF}"
EndProject
Project("{9A19103F-16F7-4668-BE54-9A1E7A4F7556}") = "Utils", "src\Utils\Utils.csproj", "{5822FA81-4B70-4F1B-B3F9-AC12E376F406}"
EndProject
Project("{9A19103F-16F7-4668-BE54-9A1E7A4F7556}") = "Meeting.Tests", "tests\Meeting.Tests\Meeting.Tests.csproj", "{059D4CEF-E748-4A7A-AFEE-DE4AAB6F8C1A}"
EndProject
Project("{9A19103F-16F7-4668-BE54-9A1E7A4F7556}") = "Meeting.Tests.ViewModels", "tests\Meeting.Tests.ViewModels\Meeting.Tests.ViewModels.csproj", "{3662BDB9-6625-4AFD-9759-A6B72028F644}"
EndProject
Global
	GlobalSection(SolutionConfigurationPlatforms) = preSolution
		Debug|Any CPU = Debug|Any CPU
		Release|Any CPU = Release|Any CPU
	EndGlobalSection
	GlobalSection(ProjectConfigurationPlatforms) = postSolution
		{43165A9B-C72D-4C5A-A1B8-4AD0679ACFE8}.Debug|Any CPU.ActiveCfg = Debug|Any CPU
		{43165A9B-C72D-4C5A-A1B8-4AD0679ACFE8}.Debug|Any CPU.Build.0 = Debug|Any CPU
		{43165A9B-C72D-4C5A-A1B8-4AD0679ACFE8}.Release|Any CPU.ActiveCfg = Release|Any CPU
		{43165A9B-C72D-4C5A-A1B8-4AD0679ACFE8}.Release|Any CPU.Build.0 = Release|Any CPU
		{EF496BD0-2161-4A6A-A70F-B7F91368953D}.Debug|Any CPU.ActiveCfg = Debug|Any CPU
		{EF496BD0-2161-4A6A-A70F-B7F91368953D}.Debug|Any CPU.Build.0 = Debug|Any CPU
		{EF496BD0-2161-4A6A-A70F-B7F91368953D}.Release|Any CPU.ActiveCfg = Release|Any CPU
		{EF496BD0-2161-4A6A-A70F-B7F91368953D}.Release|Any CPU.Build.0 = Release|Any CPU
		{6FD4F4E4-98B4-4636-ACD3-83FC6ED984A8}.Debug|Any CPU.ActiveCfg = Debug|Any CPU
		{6FD4F4E4-98B4-4636-ACD3-83FC6ED984A8}.Debug|Any CPU.Build.0 = Debug|Any CPU
		{6FD4F4E4-98B4-4636-ACD3-83FC6ED984A8}.Release|Any CPU.ActiveCfg = Release|Any CPU
		{6FD4F4E4-98B4-4636-ACD3-83FC6ED984A8}.Release|Any CPU.Build.0 = Release|Any CPU
		{C179F3C5-A0C9-42E6-AF89-8DE5DC09362F}.Debug|Any CPU.ActiveCfg = Debug|Any CPU
		{C179F3C5-A0C9-42E6-AF89-8DE5DC09362F}.Debug|Any CPU.Build.0 = Debug|Any CPU
		{C179F3C5-A0C9-42E6-AF89-8DE5DC09362F}.Release|Any CPU.ActiveCfg = Release|Any CPU
		{C179F3C5-A0C9-42E6-AF89-8DE5DC09362F}.Release|Any CPU.Build.0 = Release|Any CPU
		{FD9FF7C4-4C26-48C3-92DB-1300FA235E54}.Debug|Any CPU.ActiveCfg = Debug|Any CPU
		{FD9FF7C4-4C26-48C3-92DB-1300FA235E54}.Debug|Any CPU.Build.0 = Debug|Any CPU
		{FD9FF7C4-4C26-48C3-92DB-1300FA235E54}.Release|Any CPU.ActiveCfg = Release|Any CPU
		{FD9FF7C4-4C26-48C3-92DB-1300FA235E54}.Release|Any CPU.Build.0 = Release|Any CPU
		{59DE7AAD-7D70-4404-8582-96391D37B6C3}.Debug|Any CPU.ActiveCfg = Debug|Any CPU
		{59DE7AAD-7D70-4404-8582-96391D37B6C3}.Debug|Any CPU.Build.0 = Debug|Any CPU
		{59DE7AAD-7D70-4404-8582-96391D37B6C3}.Release|Any CPU.ActiveCfg = Release|Any CPU
		{59DE7AAD-7D70-4404-8582-96391D37B6C3}.Release|Any CPU.Build.0 = Release|Any CPU
		{D011BCEE-7317-42F8-9963-C7A9E9614925}.Debug|Any CPU.ActiveCfg = Debug|Any CPU
		{D011BCEE-7317-42F8-9963-C7A9E9614925}.Debug|Any CPU.Build.0 = Debug|Any CPU
		{D011BCEE-7317-42F8-9963-C7A9E9614925}.Release|Any CPU.ActiveCfg = Release|Any CPU
		{D011BCEE-7317-42F8-9963-C7A9E9614925}.Release|Any CPU.Build.0 = Release|Any CPU
		{DE4A3454-F4E4-4AF8-B535-5C70849A2552}.Debug|Any CPU.ActiveCfg = Debug|Any CPU
		{DE4A3454-F4E4-4AF8-B535-5C70849A2552}.Debug|Any CPU.Build.0 = Debug|Any CPU
		{DE4A3454-F4E4-4AF8-B535-5C70849A2552}.Release|Any CPU.ActiveCfg = Release|Any CPU
		{DE4A3454-F4E4-4AF8-B535-5C70849A2552}.Release|Any CPU.Build.0 = Release|Any CPU
		{5822FA81-4B70-4F1B-B3F9-AC12E376F406}.Debug|Any CPU.ActiveCfg = Debug|Any CPU
		{5822FA81-4B70-4F1B-B3F9-AC12E376F406}.Debug|Any CPU.Build.0 = Debug|Any CPU
		{5822FA81-4B70-4F1B-B3F9-AC12E376F406}.Release|Any CPU.ActiveCfg = Release|Any CPU
		{5822FA81-4B70-4F1B-B3F9-AC12E376F406}.Release|Any CPU.Build.0 = Release|Any CPU
		{059D4CEF-E748-4A7A-AFEE-DE4AAB6F8C1A}.Debug|Any CPU.ActiveCfg = Debug|Any CPU
		{059D4CEF-E748-4A7A-AFEE-DE4AAB6F8C1A}.Debug|Any CPU.Build.0 = Debug|Any CPU
		{059D4CEF-E748-4A7A-AFEE-DE4AAB6F8C1A}.Release|Any CPU.ActiveCfg = Release|Any CPU
		{059D4CEF-E748-4A7A-AFEE-DE4AAB6F8C1A}.Release|Any CPU.Build.0 = Release|Any CPU
		{3662BDB9-6625-4AFD-9759-A6B72028F644}.Debug|Any CPU.ActiveCfg = Debug|Any CPU
		{3662BDB9-6625-4AFD-9759-A6B72028F644}.Debug|Any CPU.Build.0 = Debug|Any CPU
		{3662BDB9-6625-4AFD-9759-A6B72028F644}.Release|Any CPU.ActiveCfg = Release|Any CPU
		{3662BDB9-6625-4AFD-9759-A6B72028F644}.Release|Any CPU.Build.0 = Release|Any CPU
	EndGlobalSection
	GlobalSection(SolutionProperties) = preSolution
		HideSolutionNode = FALSE
	EndGlobalSection
	GlobalSection(NestedProjects) = preSolution
		{43165A9B-C72D-4C5A-A1B8-4AD0679ACFE8} = {DDD378E2-A8AD-4BA3-BE26-0F4DEC63F37D}
		{EF496BD0-2161-4A6A-A70F-B7F91368953D} = {52F30133-875F-476F-8FD9-8591EFA497D3}
		{6FD4F4E4-98B4-4636-ACD3-83FC6ED984A8} = {DDD378E2-A8AD-4BA3-BE26-0F4DEC63F37D}
		{C179F3C5-A0C9-42E6-AF89-8DE5DC09362F} = {52F30133-875F-476F-8FD9-8591EFA497D3}
		{FD9FF7C4-4C26-48C3-92DB-1300FA235E54} = {52F30133-875F-476F-8FD9-8591EFA497D3}
		{59DE7AAD-7D70-4404-8582-96391D37B6C3} = {13640C8F-0284-48D6-94ED-484EDED9F670}
		{D011BCEE-7317-42F8-9963-C7A9E9614925} = {13640C8F-0284-48D6-94ED-484EDED9F670}
		{DE4A3454-F4E4-4AF8-B535-5C70849A2552} = {13640C8F-0284-48D6-94ED-484EDED9F670}
		{5822FA81-4B70-4F1B-B3F9-AC12E376F406} = {DDD378E2-A8AD-4BA3-BE26-0F4DEC63F37D}
		{059D4CEF-E748-4A7A-AFEE-DE4AAB6F8C1A} = {469224EE-D409-4640-B77F-720ECC6CD1DF}
		{3662BDB9-6625-4AFD-9759-A6B72028F644} = {469224EE-D409-4640-B77F-720ECC6CD1DF}
	EndGlobalSection
	GlobalSection(ExtensibilityGlobals) = postSolution
		SolutionGuid = {9C8047A6-01EE-4859-B4C5-3BBFBA57F8F0}
	EndGlobalSection
EndGlobal
